
Microsoft Visual Studio Solution File, Format Version 12.00
# Visual Studio Version 17
VisualStudioVersion = 17.3.32819.101
MinimumVisualStudioVersion = 10.0.40219.1
Project("{888888A0-9F3D-457C-B088-3A5042F75D52}") = "if opreator", "if opreator.pyproj", "{46EB46D3-BBA5-4643-AFA5-C80E76787993}"
EndProject
Global
	GlobalSection(SolutionConfigurationPlatforms) = preSolution
		Debug|Any CPU = Debug|Any CPU
		Release|Any CPU = Release|Any CPU
	EndGlobalSection
	GlobalSection(ProjectConfigurationPlatforms) = postSolution
		{46EB46D3-BBA5-4643-AFA5-C80E76787993}.Debug|Any CPU.ActiveCfg = Debug|Any CPU
		{46EB46D3-BBA5-4643-AFA5-C80E76787993}.Release|Any CPU.ActiveCfg = Release|Any CPU
	EndGlobalSection
	GlobalSection(SolutionProperties) = preSolution
		HideSolutionNode = FALSE
	EndGlobalSection
	GlobalSection(ExtensibilityGlobals) = postSolution
		SolutionGuid = {17BEFC63-9762-4377-860F-0417579D83DF}
	EndGlobalSection
EndGlobal
